
Microsoft Visual Studio Solution File, Format Version 12.00
# Visual Studio Version 16
VisualStudioVersion = 16.0.30225.117
MinimumVisualStudioVersion = 10.0.40219.1
Project("{FAE04EC0-301F-11D3-BF4B-00C04F79EFBC}") = "PFAB Chapter 14", "PFAB Chapter 14\PFAB Chapter 14.csproj", "{F89D675E-0B81-42A9-B1A9-BD992307A546}"
EndProject
Global
	GlobalSection(SolutionConfigurationPlatforms) = preSolution
		Debug|Any CPU = Debug|Any CPU
		Release|Any CPU = Release|Any CPU
	EndGlobalSection
	GlobalSection(ProjectConfigurationPlatforms) = postSolution
		{F89D675E-0B81-42A9-B1A9-BD992307A546}.Debug|Any CPU.ActiveCfg = Debug|Any CPU
		{F89D675E-0B81-42A9-B1A9-BD992307A546}.Debug|Any CPU.Build.0 = Debug|Any CPU
		{F89D675E-0B81-42A9-B1A9-BD992307A546}.Release|Any CPU.ActiveCfg = Release|Any CPU
		{F89D675E-0B81-42A9-B1A9-BD992307A546}.Release|Any CPU.Build.0 = Release|Any CPU
	EndGlobalSection
	GlobalSection(SolutionProperties) = preSolution
		HideSolutionNode = FALSE
	EndGlobalSection
	GlobalSection(ExtensibilityGlobals) = postSolution
		SolutionGuid = {52946084-1880-446B-A6E3-66B52AC36DA2}
	EndGlobalSection
EndGlobal
